
Microsoft Visual Studio Solution File, Format Version 12.00
# Visual Studio Version 17
VisualStudioVersion = 17.4.33213.308
MinimumVisualStudioVersion = 10.0.40219.1
Project("{9A19103F-16F7-4668-BE54-9A1E7A4F7556}") = "ejercicios_de_google", "ejercicios_con_chat_GPT\ejercicios_de_google.csproj", "{33D9859C-0109-4072-B6E2-EE3F2FB54FF1}"
EndProject
Global
	GlobalSection(SolutionConfigurationPlatforms) = preSolution
		Debug|Any CPU = Debug|Any CPU
		Release|Any CPU = Release|Any CPU
	EndGlobalSection
	GlobalSection(ProjectConfigurationPlatforms) = postSolution
		{33D9859C-0109-4072-B6E2-EE3F2FB54FF1}.Debug|Any CPU.ActiveCfg = Debug|Any CPU
		{33D9859C-0109-4072-B6E2-EE3F2FB54FF1}.Debug|Any CPU.Build.0 = Debug|Any CPU
		{33D9859C-0109-4072-B6E2-EE3F2FB54FF1}.Release|Any CPU.ActiveCfg = Release|Any CPU
		{33D9859C-0109-4072-B6E2-EE3F2FB54FF1}.Release|Any CPU.Build.0 = Release|Any CPU
	EndGlobalSection
	GlobalSection(SolutionProperties) = preSolution
		HideSolutionNode = FALSE
	EndGlobalSection
	GlobalSection(ExtensibilityGlobals) = postSolution
		SolutionGuid = {6645D5FB-91A6-4BF1-84E6-68EE2992F3AA}
	EndGlobalSection
EndGlobal
